
Microsoft Visual Studio Solution File, Format Version 12.00
# Visual Studio Version 16
VisualStudioVersion = 16.0.32126.315
MinimumVisualStudioVersion = 10.0.40219.1
Project("{FAE04EC0-301F-11D3-BF4B-00C04F79EFBC}") = "Rest_ASP-Net", "Rest_ASP-Net\Rest_ASP-Net.csproj", "{244453D9-1698-4EAC-A1FD-5A9C10B6FE6F}"
EndProject
Global
	GlobalSection(SolutionConfigurationPlatforms) = preSolution
		Debug|Any CPU = Debug|Any CPU
		Release|Any CPU = Release|Any CPU
	EndGlobalSection
	GlobalSection(ProjectConfigurationPlatforms) = postSolution
		{244453D9-1698-4EAC-A1FD-5A9C10B6FE6F}.Debug|Any CPU.ActiveCfg = Debug|Any CPU
		{244453D9-1698-4EAC-A1FD-5A9C10B6FE6F}.Debug|Any CPU.Build.0 = Debug|Any CPU
		{244453D9-1698-4EAC-A1FD-5A9C10B6FE6F}.Release|Any CPU.ActiveCfg = Release|Any CPU
		{244453D9-1698-4EAC-A1FD-5A9C10B6FE6F}.Release|Any CPU.Build.0 = Release|Any CPU
	EndGlobalSection
	GlobalSection(SolutionProperties) = preSolution
		HideSolutionNode = FALSE
	EndGlobalSection
	GlobalSection(ExtensibilityGlobals) = postSolution
		SolutionGuid = {2151FD17-4111-4BAB-9982-2CBA8DD2404C}
	EndGlobalSection
EndGlobal
